
Microsoft Visual Studio Solution File, Format Version 12.00
# Visual Studio Version 17
VisualStudioVersion = 17.2.32526.322
MinimumVisualStudioVersion = 10.0.40219.1
Project("{FAE04EC0-301F-11D3-BF4B-00C04F79EFBC}") = "WCL2MRTNote", "WCL2MRTNote\WCL2MRTNote.csproj", "{2808ED57-0AC5-451D-8E86-88FE14CD4928}"
EndProject
Project("{FAE04EC0-301F-11D3-BF4B-00C04F79EFBC}") = "WCL2MRTNoteGUI", "WCL2MRTNoteGUI\WCL2MRTNoteGUI.csproj", "{3A6E33DA-C7B0-4844-BD6E-18B5EC5450A4}"
EndProject
Global
	GlobalSection(SolutionConfigurationPlatforms) = preSolution
		Debug|Any CPU = Debug|Any CPU
		Release|Any CPU = Release|Any CPU
	EndGlobalSection
	GlobalSection(ProjectConfigurationPlatforms) = postSolution
		{2808ED57-0AC5-451D-8E86-88FE14CD4928}.Debug|Any CPU.ActiveCfg = Debug|Any CPU
		{2808ED57-0AC5-451D-8E86-88FE14CD4928}.Debug|Any CPU.Build.0 = Debug|Any CPU
		{2808ED57-0AC5-451D-8E86-88FE14CD4928}.Release|Any CPU.ActiveCfg = Release|Any CPU
		{2808ED57-0AC5-451D-8E86-88FE14CD4928}.Release|Any CPU.Build.0 = Release|Any CPU
		{3A6E33DA-C7B0-4844-BD6E-18B5EC5450A4}.Debug|Any CPU.ActiveCfg = Debug|Any CPU
		{3A6E33DA-C7B0-4844-BD6E-18B5EC5450A4}.Debug|Any CPU.Build.0 = Debug|Any CPU
		{3A6E33DA-C7B0-4844-BD6E-18B5EC5450A4}.Release|Any CPU.ActiveCfg = Release|Any CPU
		{3A6E33DA-C7B0-4844-BD6E-18B5EC5450A4}.Release|Any CPU.Build.0 = Release|Any CPU
	EndGlobalSection
	GlobalSection(SolutionProperties) = preSolution
		HideSolutionNode = FALSE
	EndGlobalSection
	GlobalSection(ExtensibilityGlobals) = postSolution
		SolutionGuid = {7F6FC9E5-9484-4B7C-8559-8E788480BF74}
	EndGlobalSection
EndGlobal
